
Microsoft Visual Studio Solution File, Format Version 12.00
# Visual Studio 14
VisualStudioVersion = 14.0.24720.0
MinimumVisualStudioVersion = 10.0.40219.1
Project("{8BC9CEB8-8B4A-11D0-8D11-00A0C91BC942}") = "twspoofer", "twspoofer\twspoofer.vcxproj", "{A2BFAB94-B2BF-4B71-936F-DC464A5A92F6}"
EndProject
Project("{8BC9CEB8-8B4A-11D0-8D11-00A0C91BC942}") = "twspoofer_client_win", "twspoofer_client_win\twspoofer_client_win.vcxproj", "{BD250DEC-28CD-495E-89E1-49D159BC9F93}"
EndProject
Global
	GlobalSection(SolutionConfigurationPlatforms) = preSolution
		Debug|x64 = Debug|x64
		Debug|x86 = Debug|x86
		Release|x64 = Release|x64
		Release|x86 = Release|x86
	EndGlobalSection
	GlobalSection(ProjectConfigurationPlatforms) = postSolution
		{A2BFAB94-B2BF-4B71-936F-DC464A5A92F6}.Debug|x64.ActiveCfg = Debug|x64
		{A2BFAB94-B2BF-4B71-936F-DC464A5A92F6}.Debug|x64.Build.0 = Debug|x64
		{A2BFAB94-B2BF-4B71-936F-DC464A5A92F6}.Debug|x86.ActiveCfg = Debug|Win32
		{A2BFAB94-B2BF-4B71-936F-DC464A5A92F6}.Debug|x86.Build.0 = Debug|Win32
		{A2BFAB94-B2BF-4B71-936F-DC464A5A92F6}.Release|x64.ActiveCfg = Release|x64
		{A2BFAB94-B2BF-4B71-936F-DC464A5A92F6}.Release|x64.Build.0 = Release|x64
		{A2BFAB94-B2BF-4B71-936F-DC464A5A92F6}.Release|x86.ActiveCfg = Release|Win32
		{A2BFAB94-B2BF-4B71-936F-DC464A5A92F6}.Release|x86.Build.0 = Release|Win32
		{BD250DEC-28CD-495E-89E1-49D159BC9F93}.Debug|x64.ActiveCfg = Debug|x64
		{BD250DEC-28CD-495E-89E1-49D159BC9F93}.Debug|x64.Build.0 = Debug|x64
		{BD250DEC-28CD-495E-89E1-49D159BC9F93}.Debug|x86.ActiveCfg = Debug|Win32
		{BD250DEC-28CD-495E-89E1-49D159BC9F93}.Debug|x86.Build.0 = Debug|Win32
		{BD250DEC-28CD-495E-89E1-49D159BC9F93}.Release|x64.ActiveCfg = Release|x64
		{BD250DEC-28CD-495E-89E1-49D159BC9F93}.Release|x64.Build.0 = Release|x64
		{BD250DEC-28CD-495E-89E1-49D159BC9F93}.Release|x86.ActiveCfg = Release|Win32
		{BD250DEC-28CD-495E-89E1-49D159BC9F93}.Release|x86.Build.0 = Release|Win32
	EndGlobalSection
	GlobalSection(SolutionProperties) = preSolution
		HideSolutionNode = FALSE
	EndGlobalSection
EndGlobal
